// !$*UTF8*$!
{
	archiveVersion = 1;
	classes = {
	};
	objectVersion = 46;
	objects = {

/* Begin PBXBuildFile section */
		8AAB9A281D509C6A00F4293E /* AppDelegate.swift in Sources */ = {isa = PBXBuildFile; fileRef = 8AAB9A271D509C6A00F4293E /* AppDelegate.swift */; };
		8AAB9A2A1D509C6A00F4293E /* ViewController.swift in Sources */ = {isa = PBXBuildFile; fileRef = 8AAB9A291D509C6A00F4293E /* ViewController.swift */; };
		8AAB9A2D1D509C6A00F4293E /* Main.storyboard in Resources */ = {isa = PBXBuildFile; fileRef = 8AAB9A2B1D509C6A00F4293E /* Main.storyboard */; };
		8AAB9A2F1D509C6A00F4293E /* Assets.xcassets in Resources */ = {isa = PBXBuildFile; fileRef = 8AAB9A2E1D509C6A00F4293E /* Assets.xcassets */; };
		8AAB9A321D509C6A00F4293E /* LaunchScreen.storyboard in Resources */ = {isa = PBXBuildFile; fileRef = 8AAB9A301D509C6A00F4293E /* LaunchScreen.storyboard */; };
		8AAB9A3A1D5286E500F4293E /* RatingControl.swift in Sources */ = {isa = PBXBuildFile; fileRef = 8AAB9A391D5286E500F4293E /* RatingControl.swift */; };
		8AAB9A3C1D53CAA800F4293E /* Meal.swift in Sources */ = {isa = PBXBuildFile; fileRef = 8AAB9A3B1D53CAA800F4293E /* Meal.swift */; };
/* End PBXBuildFile section */

/* Begin PBXFileReference section */
		8AAB9A241D509C6A00F4293E /* Airport.app */ = {isa = PBXFileReference; explicitFileType = wrapper.application; includeInIndex = 0; path = Airport.app; sourceTree = BUILT_PRODUCTS_DIR; };
		8AAB9A271D509C6A00F4293E /* AppDelegate.swift */ = {isa = PBXFileReference; lastKnownFileType = sourcecode.swift; path = AppDelegate.swift; sourceTree = "<group>"; };
		8AAB9A291D509C6A00F4293E /* ViewController.swift */ = {isa = PBXFileReference; lastKnownFileType = sourcecode.swift; path = ViewController.swift; sourceTree = "<group>"; };
		8AAB9A2C1D509C6A00F4293E /* Base */ = {isa = PBXFileReference; lastKnownFileType = file.storyboard; name = Base; path = Base.lproj/Main.storyboard; sourceTree = "<group>"; };
		8AAB9A2E1D509C6A00F4293E /* Assets.xcassets */ = {isa = PBXFileReference; lastKnownFileType = folder.assetcatalog; path = Assets.xcassets; sourceTree = "<group>"; };
		8AAB9A311D509C6A00F4293E /* Base */ = {isa = PBXFileReference; lastKnownFileType = file.storyboard; name = Base; path = Base.lproj/LaunchScreen.storyboard; sourceTree = "<group>"; };
		8AAB9A331D509C6A00F4293E /* Info.plist */ = {isa = PBXFileReference; lastKnownFileType = text.plist.xml; path = Info.plist; sourceTree = "<group>"; };
		8AAB9A391D5286E500F4293E /* RatingControl.swift */ = {isa = PBXFileReference; fileEncoding = 4; lastKnownFileType = sourcecode.swift; path = RatingControl.swift; sourceTree = "<group>"; };
		8AAB9A3B1D53CAA800F4293E /* Meal.swift */ = {isa = PBXFileReference; fileEncoding = 4; lastKnownFileType = sourcecode.swift; path = Meal.swift; sourceTree = "<group>"; };
/* End PBXFileReference section */

/* Begin PBXFrameworksBuildPhase section */
		8AAB9A211D509C6A00F4293E /* Frameworks */ = {
			isa = PBXFrameworksBuildPhase;
			buildActionMask = 2147483647;
			files = (
			);
			runOnlyForDeploymentPostprocessing = 0;
		};
/* End PBXFrameworksBuildPhase section */

/* Begin PBXGroup section */
		8AAB9A1B1D509C6A00F4293E = {
			isa = PBXGroup;
			children = (
				8AAB9A391D5286E500F4293E /* RatingControl.swift */,
				8AAB9A261D509C6A00F4293E /* Airport */,
				8AAB9A251D509C6A00F4293E /* Products */,
			);
			sourceTree = "<group>";
		};
		8AAB9A251D509C6A00F4293E /* Products */ = {
			isa = PBXGroup;
			children = (
				8AAB9A241D509C6A00F4293E /* Airport.app */,
			);
			name = Products;
			sourceTree = "<group>";
		};
		8AAB9A261D509C6A00F4293E /* Airport */ = {
			isa = PBXGroup;
			children = (
				8AAB9A271D509C6A00F4293E /* AppDelegate.swift */,
				8AAB9A291D509C6A00F4293E /* ViewController.swift */,
				8AAB9A2B1D509C6A00F4293E /* Main.storyboard */,
				8AAB9A3B1D53CAA800F4293E /* Meal.swift */,
				8AAB9A2E1D509C6A00F4293E /* Assets.xcassets */,
				8AAB9A301D509C6A00F4293E /* LaunchScreen.storyboard */,
				8AAB9A331D509C6A00F4293E /* Info.plist */,
			);
			path = Airport;
			sourceTree = "<group>";
		};
/* End PBXGroup section */

/* Begin PBXNativeTarget section */
		8AAB9A231D509C6A00F4293E /* Airport */ = {
			isa = PBXNativeTarget;
			buildConfigurationList = 8AAB9A361D509C6A00F4293E /* Build configuration list for PBXNativeTarget "Airport" */;
			buildPhases = (
				8AAB9A201D509C6A00F4293E /* Sources */,
				8AAB9A211D509C6A00F4293E /* Frameworks */,
				8AAB9A221D509C6A00F4293E /* Resources */,
			);
			buildRules = (
			);
			dependencies = (
			);
			name = Airport;
			productName = Airport;
			productReference = 8AAB9A241D509C6A00F4293E /* Airport.app */;
			productType = "com.apple.product-type.application";
		};
/* End PBXNativeTarget section */

/* Begin PBXProject section */
		8AAB9A1C1D509C6A00F4293E /* Project object */ = {
			isa = PBXProject;
			attributes = {
				LastSwiftUpdateCheck = 0800;
				LastUpgradeCheck = 0800;
				ORGANIZATIONNAME = com.giria;
				TargetAttributes = {
					8AAB9A231D509C6A00F4293E = {
						CreatedOnToolsVersion = 8.0;
						DevelopmentTeam = 48SFJ53X29;
						ProvisioningStyle = Automatic;
					};
				};
			};
			buildConfigurationList = 8AAB9A1F1D509C6A00F4293E /* Build configuration list for PBXProject "Airport" */;
			compatibilityVersion = "Xcode 3.2";
			developmentRegion = English;
			hasScannedForEncodings = 0;
			knownRegions = (
				en,
				Base,
			);
			mainGroup = 8AAB9A1B1D509C6A00F4293E;
			productRefGroup = 8AAB9A251D509C6A00F4293E /* Products */;
			projectDirPath = "";
			projectRoot = "";
			targets = (
				8AAB9A231D509C6A00F4293E /* Airport */,
			);
		};
/* End PBXProject section */

/* Begin PBXResourcesBuildPhase section */
		8AAB9A221D509C6A00F4293E /* Resources */ = {
			isa = PBXResourcesBuildPhase;
			buildActionMask = 2147483647;
			files = (
				8AAB9A321D509C6A00F4293E /* LaunchScreen.storyboard in Resources */,
				8AAB9A2F1D509C6A00F4293E /* Assets.xcassets in Resources */,
				8AAB9A2D1D509C6A00F4293E /* Main.storyboard in Resources */,
			);
			runOnlyForDeploymentPostprocessing = 0;
		};
/* End PBXResourcesBuildPhase section */

/* Begin PBXSourcesBuildPhase section */
		8AAB9A201D509C6A00F4293E /* Sources */ = {
			isa = PBXSourcesBuildPhase;
			buildActionMask = 2147483647;
			files = (
				8AAB9A3C1D53CAA800F4293E /* Meal.swift in Sources */,
				8AAB9A2A1D509C6A00F4293E /* ViewController.swift in Sources */,
				8AAB9A3A1D5286E500F4293E /* RatingControl.swift in Sources */,
				8AAB9A281D509C6A00F4293E /* AppDelegate.swift in Sources */,
			);
			runOnlyForDeploymentPostprocessing = 0;
		};
/* End PBXSourcesBuildPhase section */

/* Begin PBXVariantGroup section */
		8AAB9A2B1D509C6A00F4293E /* Main.storyboard */ = {
			isa = PBXVariantGroup;
			children = (
				8AAB9A2C1D509C6A00F4293E /* Base */,
			);
			name = Main.storyboard;
			sourceTree = "<group>";
		};
		8AAB9A301D509C6A00F4293E /* LaunchScreen.storyboard */ = {
			isa = PBXVariantGroup;
			children = (
				8AAB9A311D509C6A00F4293E /* Base */,
			);
			name = LaunchScreen.storyboard;
			sourceTree = "<group>";
		};
/* End PBXVariantGroup section */

/* Begin XCBuildConfiguration section */
		8AAB9A341D509C6A00F4293E /* Debug */ = {
			isa = XCBuildConfiguration;
			buildSettings = {
				ALWAYS_SEARCH_USER_PATHS = NO;
				CLANG_ANALYZER_NONNULL = YES;
				CLANG_CXX_LANGUAGE_STANDARD = "gnu++0x";
				CLANG_CXX_LIBRARY = "libc++";
				CLANG_ENABLE_MODULES = YES;
				CLANG_ENABLE_OBJC_ARC = YES;
				CLANG_WARN_BOOL_CONVERSION = YES;
				CLANG_WARN_CONSTANT_CONVERSION = YES;
				CLANG_WARN_DIRECT_OBJC_ISA_USAGE = YES_ERROR;
				CLANG_WARN_DOCUMENTATION_COMMENTS = YES;
				CLANG_WARN_EMPTY_BODY = YES;
				CLANG_WARN_ENUM_CONVERSION = YES;
				CLANG_WARN_INFINITE_RECURSION = YES;
				CLANG_WARN_INT_CONVERSION = YES;
				CLANG_WARN_OBJC_ROOT_CLASS = YES_ERROR;
				CLANG_WARN_SUSPICIOUS_MOVES = YES;
				CLANG_WARN_UNREACHABLE_CODE = YES;
				CLANG_WARN__DUPLICATE_METHOD_MATCH = YES;
				"CODE_SIGN_IDENTITY[sdk=iphoneos*]" = "iPhone Developer";
				COPY_PHASE_STRIP = NO;
				DEBUG_INFORMATION_FORMAT = dwarf;
				ENABLE_STRICT_OBJC_MSGSEND = YES;
				ENABLE_TESTABILITY = YES;
				GCC_C_LANGUAGE_STANDARD = gnu99;
				GCC_DYNAMIC_NO_PIC = NO;
				GCC_NO_COMMON_BLOCKS = YES;
				GCC_OPTIMIZATION_LEVEL = 0;
				GCC_PREPROCESSOR_DEFINITIONS = (
					"DEBUG=1",
					"$(inherited)",
				);
				GCC_WARN_64_TO_32_BIT_CONVERSION = YES;
				GCC_WARN_ABOUT_RETURN_TYPE = YES_ERROR;
				GCC_WARN_UNDECLARED_SELECTOR = YES;
				GCC_WARN_UNINITIALIZED_AUTOS = YES_AGGRESSIVE;
				GCC_WARN_UNUSED_FUNCTION = YES;
				GCC_WARN_UNUSED_VARIABLE = YES;
				IPHONEOS_DEPLOYMENT_TARGET = 10.0;
				MTL_ENABLE_DEBUG_INFO = YES;
				ONLY_ACTIVE_ARCH = YES;
				SDKROOT = iphoneos;
				SWIFT_ACTIVE_COMPILATION_CONDITIONS = DEBUG;
				SWIFT_OPTIMIZATION_LEVEL = "-Onone";
				TARGETED_DEVICE_FAMILY = "1,2";
			};
			name = Debug;
		};
		8AAB9A351D509C6A00F4293E /* Release */ = {
			isa = XCBuildConfiguration;
			buildSettings = {
				ALWAYS_SEARCH_USER_PATHS = NO;
				CLANG_ANALYZER_NONNULL = YES;
				CLANG_CXX_LANGUAGE_STANDARD = "gnu++0x";
				CLANG_CXX_LIBRARY = "libc++";
				CLANG_ENABLE_MODULES = YES;
				CLANG_ENABLE_OBJC_ARC = YES;
				CLANG_WARN_BOOL_CONVERSION = YES;
				CLANG_WARN_CONSTANT_CONVERSION = YES;
				CLANG_WARN_DIRECT_OBJC_ISA_USAGE = YES_ERROR;
				CLANG_WARN_DOCUMENTATION_COMMENTS = YES;
				CLANG_WARN_EMPTY_BODY = YES;
				CLANG_WARN_ENUM_CONVERSION = YES;
				CLANG_WARN_INFINITE_RECURSION = YES;
				CLANG_WARN_INT_CONVERSION = YES;
				CLANG_WARN_OBJC_ROOT_CLASS = YES_ERROR;
				CLANG_WARN_SUSPICIOUS_MOVES = YES;
				CLANG_WARN_UNREACHABLE_CODE = YES;
				CLANG_WARN__DUPLICATE_METHOD_MATCH = YES;
				"CODE_SIGN_IDENTITY[sdk=iphoneos*]" = "iPhone Developer";
				COPY_PHASE_STRIP = NO;
				DEBUG_INFORMATION_FORMAT = "dwarf-with-dsym";
				ENABLE_NS_ASSERTIONS = NO;
				ENABLE_STRICT_OBJC_MSGSEND = YES;
				GCC_C_LANGUAGE_STANDARD = gnu99;
				GCC_NO_COMMON_BLOCKS = YES;
				GCC_WARN_64_TO_32_BIT_CONVERSION = YES;
				GCC_WARN_ABOUT_RETURN_TYPE = YES_ERROR;
				GCC_WARN_UNDECLARED_SELECTOR = YES;
				GCC_WARN_UNINITIALIZED_AUTOS = YES_AGGRESSIVE;
				GCC_WARN_UNUSED_FUNCTION = YES;
				GCC_WARN_UNUSED_VARIABLE = YES;
				IPHONEOS_DEPLOYMENT_TARGET = 10.0;
				MTL_ENABLE_DEBUG_INFO = NO;
				SDKROOT = iphoneos;
				SWIFT_OPTIMIZATION_LEVEL = "-Owholemodule";
				TARGETED_DEVICE_FAMILY = "1,2";
				VALIDATE_PRODUCT = YES;
			};
			name = Release;
		};
		8AAB9A371D509C6A00F4293E /* Debug */ = {
			isa = XCBuildConfiguration;
			buildSettings = {
				ASSETCATALOG_COMPILER_APPICON_NAME = AppIcon;
				DEVELOPMENT_TEAM = 48SFJ53X29;
				INFOPLIST_FILE = Airport/Info.plist;
				LD_RUNPATH_SEARCH_PATHS = "$(inherited) @executable_path/Frameworks";
				PRODUCT_BUNDLE_IDENTIFIER = com.giria.Airport;
				PRODUCT_NAME = "$(TARGET_NAME)";
				SWIFT_VERSION = 3.0;
			};
			name = Debug;
		};
		8AAB9A381D509C6A00F4293E /* Release */ = {
			isa = XCBuildConfiguration;
			buildSettings = {
				ASSETCATALOG_COMPILER_APPICON_NAME = AppIcon;
				DEVELOPMENT_TEAM = 48SFJ53X29;
				INFOPLIST_FILE = Airport/Info.plist;
				LD_RUNPATH_SEARCH_PATHS = "$(inherited) @executable_path/Frameworks";
				PRODUCT_BUNDLE_IDENTIFIER = com.giria.Airport;
				PRODUCT_NAME = "$(TARGET_NAME)";
				SWIFT_VERSION = 3.0;
			};
			name = Release;
		};
/* End XCBuildConfiguration section */

/* Begin XCConfigurationList section */
		8AAB9A1F1D509C6A00F4293E /* Build configuration list for PBXProject "Airport" */ = {
			isa = XCConfigurationList;
			buildConfigurations = (
				8AAB9A341D509C6A00F4293E /* Debug */,
				8AAB9A351D509C6A00F4293E /* Release */,
			);
			defaultConfigurationIsVisible = 0;
			defaultConfigurationName = Release;
		};
		8AAB9A361D509C6A00F4293E /* Build configuration list for PBXNativeTarget "Airport" */ = {
			isa = XCConfigurationList;
			buildConfigurations = (
				8AAB9A371D509C6A00F4293E /* Debug */,
				8AAB9A381D509C6A00F4293E /* Release */,
			);
			defaultConfigurationIsVisible = 0;
		};
/* End XCConfigurationList section */
	};
	rootObject = 8AAB9A1C1D509C6A00F4293E /* Project object */;
}
